{
  "name": "jenkins-for-jira",
  "lockfileVersion": 3,
  "requires": true,
  "packages": {
    "": {
      "dependencies": {
        "history": "^5.3.0"
      }
    },
    "node_modules/@babel/runtime": {
      "version": "7.23.8",
      "resolved": "https://packages.atlassian.com/api/npm/npm-remote/@babel/runtime/-/runtime-7.23.8.tgz",
      "integrity": "sha512-Y7KbAP984rn1VGMbGqKmBLio9V7y5Je9GvU4rQPCPinCyNfUcToxIXl06d59URp/F3LwinvODxab5N/G6qggkw==",
      "dependencies": {
        "regenerator-runtime": "^0.14.0"
      },
      "engines": {
        "node": ">=6.9.0"
      }
    },
    "node_modules/history": {
      "version": "5.3.0",
      "resolved": "https://packages.atlassian.com/api/npm/npm-remote/history/-/history-5.3.0.tgz",
      "integrity": "sha512-ZqaKwjjrAYUYfLG+htGaIIZ4nioX2L70ZUMIFysS3xvBsSG4x/n1V6TXV3N8ZYNuFGlDirFg32T7B6WOUPDYcQ==",
      "dependencies": {
        "@babel/runtime": "^7.7.6"
      }
    },
    "node_modules/regenerator-runtime": {
      "version": "0.14.1",
      "resolved": "https://packages.atlassian.com/api/npm/npm-remote/regenerator-runtime/-/regenerator-runtime-0.14.1.tgz",
      "integrity": "sha512-dYnhHh0nJoMfnkZs6GmmhFknAGRrLznOu5nc9ML+EJxGvrx6H7teuevqVqCuPcPK//3eDrrjQhehXVx9cnkGdw=="
    }
  }
}
