# THIS IS AN AUTOGENERATED FILE. DO NOT EDIT THIS FILE DIRECTLY.
# yarn lockfile v1


base64-js@^1.3.0:
  version "1.5.1"
  resolved "https://packages.atlassian.com/api/npm/npm-remote/base64-js/-/base64-js-1.5.1.tgz#1b1b440160a5bf7ad40b650f095963481903930a"
  integrity sha512-AKpaYlHn8t4SVbOHCy+b5+KKgvR4vrsD8vbvrbiQJps7fKDTkjkDry6ji0rUJjC0kzbNePLwzxq8iypo41qeWA==

escape-string-regexp@^4.0.0:
  version "4.0.0"
  resolved "https://packages.atlassian.com/api/npm/npm-remote/escape-string-regexp/-/escape-string-regexp-4.0.0.tgz#14ba83a5d373e3d311e5afca29cf5bfad965bf34"
  integrity sha512-TtpcNJ3XAzx3Gq8sWRzJaVajRs0uVxA2YAkdb1jm2YkPz4G6egUFAyA3n5vtEIZefPk5Wa4UXbKuS5fKkJWdgA==

fast-deep-equal@^2.0.1:
  version "2.0.1"
  resolved "https://packages.atlassian.com/api/npm/npm-remote/fast-deep-equal/-/fast-deep-equal-2.0.1.tgz#7b05218ddf9667bf7f370bf7fdb2cb15fdd0aa49"
  integrity sha512-bCK/2Z4zLidyB4ReuIsvALH6w31YfAQDmXMqMx6FyfHqvBxtjC0eRumeSu4Bs3XtXwpyIywtSTrVT99BxY1f9w==

launchdarkly-js-client-sdk@^3.1.3:
  version "3.1.3"
  resolved "https://packages.atlassian.com/api/npm/npm-remote/launchdarkly-js-client-sdk/-/launchdarkly-js-client-sdk-3.1.3.tgz#e046439f0e4f0bfd6d38b9eaa4420a6e40ffc0c7"
  integrity sha512-/JR/ri8z3bEj9RFTTKDjd+con4F1MsWUea1MmBDtFj4gDA0l9NDm1KzhMKiIeoBdmB2rSaeFYe4CaYOEp8IryA==
  dependencies:
    escape-string-regexp "^4.0.0"
    launchdarkly-js-sdk-common "5.0.3"

launchdarkly-js-sdk-common@5.0.3:
  version "5.0.3"
  resolved "https://packages.atlassian.com/api/npm/npm-remote/launchdarkly-js-sdk-common/-/launchdarkly-js-sdk-common-5.0.3.tgz#345f899f5779be8b03d6599978c855eb838d8b7f"
  integrity sha512-wKG8UsVbPVq8+7eavgAm5CVmulQWN6Ddod2ZoA3euZ1zPvJPwIQ2GrOYaCJr3cFrrMIX+nQyBJHBHYxUAPcM+Q==
  dependencies:
    base64-js "^1.3.0"
    fast-deep-equal "^2.0.1"
    uuid "^8.0.0"

uuid@^8.0.0:
  version "8.3.2"
  resolved "https://packages.atlassian.com/api/npm/npm-remote/uuid/-/uuid-8.3.2.tgz#80d5b5ced271bb9af6c445f21a1a04c606cefbe2"
  integrity sha512-+NYs2QeMWy+GWFOEm9xnn6HCDp0l7QBD7ml8zLUmJ+93Q5NF0NocErnwkTkXVFNiX3/fpC6afS8Dhb/gz7R7eg==
